
Microsoft Visual Studio Solution File, Format Version 12.00
# Visual Studio Version 17
VisualStudioVersion = 17.1.32210.238
MinimumVisualStudioVersion = 10.0.40219.1
Project("{9A19103F-16F7-4668-BE54-9A1E7A4F7556}") = "Hello", "Hello\Hello.csproj", "{3FAB446D-5DDC-4753-81A4-8582E89522F4}"
EndProject
Project("{9A19103F-16F7-4668-BE54-9A1E7A4F7556}") = "Array", "Array\Array.csproj", "{D889FC04-01BB-4FE7-B59F-8ADE82838BAC}"
EndProject
Project("{9A19103F-16F7-4668-BE54-9A1E7A4F7556}") = "MethodExample", "MethodExample\MethodExample.csproj", "{CFB7D367-40D7-4FA4-AA2C-14CA6688F62B}"
EndProject
Project("{9A19103F-16F7-4668-BE54-9A1E7A4F7556}") = "LoopExample", "LoopExample\LoopExample.csproj", "{7496A7CB-E64E-4C62-9EAC-C9AB1763B605}"
EndProject
Project("{9A19103F-16F7-4668-BE54-9A1E7A4F7556}") = "ClassSystem", "ClassSystem\ClassSystem.csproj", "{5EC66A18-67F7-43B7-A169-E29EE48B7379}"
EndProject
Project("{9A19103F-16F7-4668-BE54-9A1E7A4F7556}") = "Operators", "Operators\Operators.csproj", "{4A8CCDD5-1637-4941-BFD6-58898481670B}"
EndProject
Project("{9A19103F-16F7-4668-BE54-9A1E7A4F7556}") = "IfElseUsingInputFromUser", "IfElseUsingInputFromUser\IfElseUsingInputFromUser.csproj", "{247E4770-0193-4D61-9530-5A5C03DF009B}"
EndProject
Project("{9A19103F-16F7-4668-BE54-9A1E7A4F7556}") = "SwichCase", "SwichCase\SwichCase.csproj", "{2538B009-236B-4FE4-9E4F-B641BF4A18CA}"
EndProject
Project("{9A19103F-16F7-4668-BE54-9A1E7A4F7556}") = "TakingInput", "TakingInput\TakingInput.csproj", "{85DEF741-27F3-49E3-8729-D9F98AB9496A}"
EndProject
Project("{9A19103F-16F7-4668-BE54-9A1E7A4F7556}") = "StringFormating", "StringFormating\StringFormating.csproj", "{269D414C-7569-4D52-ADE3-7BE866120683}"
EndProject
Project("{9A19103F-16F7-4668-BE54-9A1E7A4F7556}") = "CustomNumericFormat", "CustomNumericFormat\CustomNumericFormat.csproj", "{176C8B17-E83E-4969-8211-C3895CB7D95F}"
EndProject
Project("{9A19103F-16F7-4668-BE54-9A1E7A4F7556}") = "AssaignmentP1", "AssaignmentP1\AssaignmentP1.csproj", "{BC665CB9-B15E-42F7-9407-B94612466D9A}"
EndProject
Project("{9A19103F-16F7-4668-BE54-9A1E7A4F7556}") = "OOP", "OOP\OOP.csproj", "{E653B661-32C3-4F84-970C-2635F9879FB9}"
EndProject
Project("{FAE04EC0-301F-11D3-BF4B-00C04F79EFBC}") = "Constrructor", "Constrructor\Constrructor.csproj", "{4EB49A5C-A827-4493-AA8A-678D311D3F26}"
EndProject
Project("{9A19103F-16F7-4668-BE54-9A1E7A4F7556}") = "Practiceing", "Practiceing\Practiceing.csproj", "{188A7254-414F-4BBC-825C-24F3EC4039FD}"
EndProject
Project("{FAE04EC0-301F-11D3-BF4B-00C04F79EFBC}") = "Problem1", "Problem1\Problem1.csproj", "{7DFFF631-7E66-45E9-932A-3FB98EF529C7}"
EndProject
Project("{9A19103F-16F7-4668-BE54-9A1E7A4F7556}") = "Problem-1520A", "Problem-1520A\Problem-1520A.csproj", "{9C7E96DD-7AD9-490C-9531-4448D466614B}"
EndProject
Project("{9A19103F-16F7-4668-BE54-9A1E7A4F7556}") = "Problem-1367B", "Problem-1367B\Problem-1367B.csproj", "{AE828D5E-19D6-44D3-B032-DAAE7F5F196E}"
EndProject
Project("{FAE04EC0-301F-11D3-BF4B-00C04F79EFBC}") = "Problem-1529A", "Problem-1529A\Problem-1529A.csproj", "{44DD2FB9-96CD-42DA-AEC5-2B034A247C35}"
EndProject
Project("{FAE04EC0-301F-11D3-BF4B-00C04F79EFBC}") = "GarbageCollection", "GarbageCollection\GarbageCollection.csproj", "{22C8C93A-C55C-4CA2-9414-D534A7490560}"
EndProject
Project("{FAE04EC0-301F-11D3-BF4B-00C04F79EFBC}") = "Inheritance", "Inheritance\Inheritance.csproj", "{326B3E99-7F84-471F-BA6F-AE2565441C5C}"
EndProject
Project("{FAE04EC0-301F-11D3-BF4B-00C04F79EFBC}") = "ExampleOfStaticClass", "ExampleOfStaticClass\ExampleOfStaticClass.csproj", "{72FA7D7C-379A-4879-AD39-373586E0110C}"
EndProject
Project("{FAE04EC0-301F-11D3-BF4B-00C04F79EFBC}") = "Problem-1547A", "Problem-1547A\Problem-1547A.csproj", "{8BF29E36-14ED-4B47-AC4D-C1A65DD4E5CF}"
EndProject
Project("{FAE04EC0-301F-11D3-BF4B-00C04F79EFBC}") = "AbstractionDemo", "AbstractionDemo\AbstractionDemo.csproj", "{24754346-C801-476A-B70C-0E3D28DE5EE1}"
EndProject
Project("{FAE04EC0-301F-11D3-BF4B-00C04F79EFBC}") = "Properties", "Properties\Properties.csproj", "{689C96E9-40B1-40EE-91ED-10772DB30C01}"
EndProject
Project("{FAE04EC0-301F-11D3-BF4B-00C04F79EFBC}") = "ListUse", "ListUse\ListUse.csproj", "{7DA23724-5BA4-450F-B3C3-F78A7C61CA3B}"
EndProject
Project("{9A19103F-16F7-4668-BE54-9A1E7A4F7556}") = "StaticClass", "StaticClass\StaticClass.csproj", "{5DC126F8-B4D0-4398-AFE6-08B8B74B0BB5}"
EndProject
Project("{9A19103F-16F7-4668-BE54-9A1E7A4F7556}") = "InheritanceFeature", "InheritanceFeature\InheritanceFeature.csproj", "{37090983-4A85-48F9-9CD3-09F78CD01A67}"
EndProject
Project("{9A19103F-16F7-4668-BE54-9A1E7A4F7556}") = "PartialClass", "PartialClass\PartialClass.csproj", "{DA48EF24-5457-4893-AC5F-39C7CB8F3E9A}"
EndProject
Project("{9A19103F-16F7-4668-BE54-9A1E7A4F7556}") = "StructureClass", "StructureClass\StructureClass.csproj", "{B50E7951-955F-46AB-8C45-461BA2EC66FE}"
EndProject
Project("{9A19103F-16F7-4668-BE54-9A1E7A4F7556}") = "DateTime", "DateTime\DateTime.csproj", "{4CD094A3-1073-4DBD-AEB1-1B2E48F5E644}"
EndProject
Project("{9A19103F-16F7-4668-BE54-9A1E7A4F7556}") = "SingleResponsibilityPrinciple", "SingleResponsibilityPrinciple\SingleResponsibilityPrinciple.csproj", "{39DD638B-125B-4912-9B6B-0E08787DB052}"
EndProject
Project("{9A19103F-16F7-4668-BE54-9A1E7A4F7556}") = "TupleExample", "TupleExample\TupleExample.csproj", "{3FCE6C17-59DE-4734-8D5A-C7ADA96AB89D}"
EndProject
Project("{FAE04EC0-301F-11D3-BF4B-00C04F79EFBC}") = "B-B", "B-B\B-B.csproj", "{DED79EA5-9F97-43C9-A5C3-DC8A7AC3814E}"
EndProject
Project("{FAE04EC0-301F-11D3-BF4B-00C04F79EFBC}") = "A-A", "A-A\A-A.csproj", "{5E509933-99D7-49F2-B343-0788D8DC18C8}"
EndProject
Project("{9A19103F-16F7-4668-BE54-9A1E7A4F7556}") = "NullableDatatype", "NullableDatatype\NullableDatatype.csproj", "{46C43640-6E60-4BB2-9FF2-CDBD354320B8}"
EndProject
Project("{9A19103F-16F7-4668-BE54-9A1E7A4F7556}") = "AnonimousObject", "AnonimousObject\AnonimousObject.csproj", "{CDCB17C2-8199-49A0-A8EE-727DF535D434}"
EndProject
Project("{9A19103F-16F7-4668-BE54-9A1E7A4F7556}") = "GenericExamples", "GenericExamples\GenericExamples.csproj", "{B0767A5B-DF53-4CD4-8E1E-345070739091}"
EndProject
Project("{9A19103F-16F7-4668-BE54-9A1E7A4F7556}") = "FactoryPattern", "FactoryPattern\FactoryPattern.csproj", "{D31B9617-51D1-46F9-B2EB-32313E832077}"
EndProject
Project("{9A19103F-16F7-4668-BE54-9A1E7A4F7556}") = "LiskovSubstitutionPrinciple", "LiskovSubstitutionPrinciple\LiskovSubstitutionPrinciple.csproj", "{5C5FC42D-A5BD-43F4-A180-A78120C65A10}"
EndProject
Project("{9A19103F-16F7-4668-BE54-9A1E7A4F7556}") = "Inportantinterface", "Inportantinterface\Inportantinterface.csproj", "{E0FCA336-D71F-4621-8F4E-354EE494DF04}"
EndProject
Project("{FAE04EC0-301F-11D3-BF4B-00C04F79EFBC}") = "Generic", "Generic\Generic.csproj", "{ED4520A2-E67D-4DB3-926F-20C880FE19AE}"
EndProject
Project("{9A19103F-16F7-4668-BE54-9A1E7A4F7556}") = "GenericClass", "GenericClass\GenericClass.csproj", "{522B3920-73CE-4809-82B9-F462B812CF34}"
EndProject
Project("{9A19103F-16F7-4668-BE54-9A1E7A4F7556}") = "GenericCollection", "GenericCollection\GenericCollection.csproj", "{5BE50022-C94C-4139-A375-FDC2CBD1EC31}"
EndProject
Project("{9A19103F-16F7-4668-BE54-9A1E7A4F7556}") = "AdoDotnetExample", "AdoDotnetExample\AdoDotnetExample.csproj", "{96B39394-512C-44A8-9919-E9422FB01DD5}"
EndProject
Project("{9A19103F-16F7-4668-BE54-9A1E7A4F7556}") = "Indexers", "Indexers\Indexers.csproj", "{7F864ACC-9BFF-4BBD-8BE7-AC11221E50DD}"
EndProject
Project("{9A19103F-16F7-4668-BE54-9A1E7A4F7556}") = "ExtentionMethod", "ExtentionMethod\ExtentionMethod.csproj", "{E4BEFFFC-EF2A-4DC3-925F-B765BF85676F}"
EndProject
Project("{9A19103F-16F7-4668-BE54-9A1E7A4F7556}") = "LinqExample", "LinqExample\LinqExample.csproj", "{125C82E8-3ADF-4601-8A1C-B3256BBC8F83}"
EndProject
Project("{9A19103F-16F7-4668-BE54-9A1E7A4F7556}") = "DelegateExample", "DekegateExample\DelegateExample.csproj", "{A9173D42-0E16-472D-95E0-34F386C96035}"
EndProject
Project("{9A19103F-16F7-4668-BE54-9A1E7A4F7556}") = "AnonymousMethod", "AnonymousMethod\AnonymousMethod.csproj", "{4A458667-15A5-4BFD-A643-E5424807F601}"
EndProject
Project("{9A19103F-16F7-4668-BE54-9A1E7A4F7556}") = "FileHandalingExist", "FileHandalingExist\FileHandalingExist.csproj", "{E7DBB2E4-24AB-4E3E-939B-775660AD9D7E}"
EndProject
Project("{9A19103F-16F7-4668-BE54-9A1E7A4F7556}") = "Lambda_Expression", "Lambda_Expression\Lambda_Expression.csproj", "{A7DCA6E5-C763-47B3-82E0-3F4BDA0C3FB2}"
EndProject
Project("{FAE04EC0-301F-11D3-BF4B-00C04F79EFBC}") = "InterfaceVsAbstract", "InterfaceVsAbstract\InterfaceVsAbstract.csproj", "{9F065055-6D6D-4695-87A7-E6FD5920DE38}"
EndProject
Project("{FAE04EC0-301F-11D3-BF4B-00C04F79EFBC}") = "Strategy.RealWorld", "Strategy.RealWorld\Strategy.RealWorld.csproj", "{82C9077C-573A-4E9E-81ED-7E129049BECA}"
EndProject
Project("{FAE04EC0-301F-11D3-BF4B-00C04F79EFBC}") = "DecoratorPattern", "DecoratorPattern\DecoratorPattern.csproj", "{B8236EA2-91DB-4D85-A70D-19151641ED83}"
EndProject
Project("{FAE04EC0-301F-11D3-BF4B-00C04F79EFBC}") = "TemplatePattern", "TemplatePattern\TemplatePattern.csproj", "{126A0D66-DC9A-4C5A-929F-BBA4D133685E}"
EndProject
Project("{FAE04EC0-301F-11D3-BF4B-00C04F79EFBC}") = "SingletonPattern", "SingletonPattern\SingletonPattern.csproj", "{6C753D5A-10AB-4DFA-9D66-553363983F81}"
EndProject
Project("{FAE04EC0-301F-11D3-BF4B-00C04F79EFBC}") = "AdaptorPattern", "AdaptorPattern\AdaptorPattern.csproj", "{67D72212-DA29-4BBE-A8FA-B84306CE33B3}"
EndProject
Project("{FAE04EC0-301F-11D3-BF4B-00C04F79EFBC}") = "ChainOfHandler", "ChainOfHandler\ChainOfHandler.csproj", "{6AD7956E-47AD-4013-B189-42853813D38F}"
EndProject
Project("{FAE04EC0-301F-11D3-BF4B-00C04F79EFBC}") = "GenericsOld", "GenericsOld\GenericsOld.csproj", "{65E333F0-700E-4DE9-A854-3AC99FAB3C3C}"
EndProject
Project("{FAE04EC0-301F-11D3-BF4B-00C04F79EFBC}") = "GenericClassNew", "GenericClassNew\GenericClassNew.csproj", "{BEDB8ED2-2DCE-40FD-A738-9292216EBACB}"
EndProject
Project("{FAE04EC0-301F-11D3-BF4B-00C04F79EFBC}") = "HashTable", "HashTable\HashTable.csproj", "{E452D55B-52FF-475D-899A-35A655BB5129}"
EndProject
Project("{FAE04EC0-301F-11D3-BF4B-00C04F79EFBC}") = "Serialozation_Demo", "Serialozation_Demo\Serialozation_Demo.csproj", "{AC32A8A1-3F01-4D9B-8B0D-99B484EED993}"
EndProject
Global
	GlobalSection(SolutionConfigurationPlatforms) = preSolution
		Debug|Any CPU = Debug|Any CPU
		Release|Any CPU = Release|Any CPU
	EndGlobalSection
	GlobalSection(ProjectConfigurationPlatforms) = postSolution
		{3FAB446D-5DDC-4753-81A4-8582E89522F4}.Debug|Any CPU.ActiveCfg = Debug|Any CPU
		{3FAB446D-5DDC-4753-81A4-8582E89522F4}.Debug|Any CPU.Build.0 = Debug|Any CPU
		{3FAB446D-5DDC-4753-81A4-8582E89522F4}.Release|Any CPU.ActiveCfg = Release|Any CPU
		{3FAB446D-5DDC-4753-81A4-8582E89522F4}.Release|Any CPU.Build.0 = Release|Any CPU
		{D889FC04-01BB-4FE7-B59F-8ADE82838BAC}.Debug|Any CPU.ActiveCfg = Debug|Any CPU
		{D889FC04-01BB-4FE7-B59F-8ADE82838BAC}.Debug|Any CPU.Build.0 = Debug|Any CPU
		{D889FC04-01BB-4FE7-B59F-8ADE82838BAC}.Release|Any CPU.ActiveCfg = Release|Any CPU
		{D889FC04-01BB-4FE7-B59F-8ADE82838BAC}.Release|Any CPU.Build.0 = Release|Any CPU
		{CFB7D367-40D7-4FA4-AA2C-14CA6688F62B}.Debug|Any CPU.ActiveCfg = Debug|Any CPU
		{CFB7D367-40D7-4FA4-AA2C-14CA6688F62B}.Debug|Any CPU.Build.0 = Debug|Any CPU
		{CFB7D367-40D7-4FA4-AA2C-14CA6688F62B}.Release|Any CPU.ActiveCfg = Release|Any CPU
		{CFB7D367-40D7-4FA4-AA2C-14CA6688F62B}.Release|Any CPU.Build.0 = Release|Any CPU
		{7496A7CB-E64E-4C62-9EAC-C9AB1763B605}.Debug|Any CPU.ActiveCfg = Debug|Any CPU
		{7496A7CB-E64E-4C62-9EAC-C9AB1763B605}.Debug|Any CPU.Build.0 = Debug|Any CPU
		{7496A7CB-E64E-4C62-9EAC-C9AB1763B605}.Release|Any CPU.ActiveCfg = Release|Any CPU
		{7496A7CB-E64E-4C62-9EAC-C9AB1763B605}.Release|Any CPU.Build.0 = Release|Any CPU
		{5EC66A18-67F7-43B7-A169-E29EE48B7379}.Debug|Any CPU.ActiveCfg = Debug|Any CPU
		{5EC66A18-67F7-43B7-A169-E29EE48B7379}.Debug|Any CPU.Build.0 = Debug|Any CPU
		{5EC66A18-67F7-43B7-A169-E29EE48B7379}.Release|Any CPU.ActiveCfg = Release|Any CPU
		{5EC66A18-67F7-43B7-A169-E29EE48B7379}.Release|Any CPU.Build.0 = Release|Any CPU
		{4A8CCDD5-1637-4941-BFD6-58898481670B}.Debug|Any CPU.ActiveCfg = Debug|Any CPU
		{4A8CCDD5-1637-4941-BFD6-58898481670B}.Debug|Any CPU.Build.0 = Debug|Any CPU
		{4A8CCDD5-1637-4941-BFD6-58898481670B}.Release|Any CPU.ActiveCfg = Release|Any CPU
		{4A8CCDD5-1637-4941-BFD6-58898481670B}.Release|Any CPU.Build.0 = Release|Any CPU
		{247E4770-0193-4D61-9530-5A5C03DF009B}.Debug|Any CPU.ActiveCfg = Debug|Any CPU
		{247E4770-0193-4D61-9530-5A5C03DF009B}.Debug|Any CPU.Build.0 = Debug|Any CPU
		{247E4770-0193-4D61-9530-5A5C03DF009B}.Release|Any CPU.ActiveCfg = Release|Any CPU
		{247E4770-0193-4D61-9530-5A5C03DF009B}.Release|Any CPU.Build.0 = Release|Any CPU
		{2538B009-236B-4FE4-9E4F-B641BF4A18CA}.Debug|Any CPU.ActiveCfg = Debug|Any CPU
		{2538B009-236B-4FE4-9E4F-B641BF4A18CA}.Debug|Any CPU.Build.0 = Debug|Any CPU
		{2538B009-236B-4FE4-9E4F-B641BF4A18CA}.Release|Any CPU.ActiveCfg = Release|Any CPU
		{2538B009-236B-4FE4-9E4F-B641BF4A18CA}.Release|Any CPU.Build.0 = Release|Any CPU
		{85DEF741-27F3-49E3-8729-D9F98AB9496A}.Debug|Any CPU.ActiveCfg = Debug|Any CPU
		{85DEF741-27F3-49E3-8729-D9F98AB9496A}.Debug|Any CPU.Build.0 = Debug|Any CPU
		{85DEF741-27F3-49E3-8729-D9F98AB9496A}.Release|Any CPU.ActiveCfg = Release|Any CPU
		{85DEF741-27F3-49E3-8729-D9F98AB9496A}.Release|Any CPU.Build.0 = Release|Any CPU
		{269D414C-7569-4D52-ADE3-7BE866120683}.Debug|Any CPU.ActiveCfg = Debug|Any CPU
		{269D414C-7569-4D52-ADE3-7BE866120683}.Debug|Any CPU.Build.0 = Debug|Any CPU
		{269D414C-7569-4D52-ADE3-7BE866120683}.Release|Any CPU.ActiveCfg = Release|Any CPU
		{269D414C-7569-4D52-ADE3-7BE866120683}.Release|Any CPU.Build.0 = Release|Any CPU
		{176C8B17-E83E-4969-8211-C3895CB7D95F}.Debug|Any CPU.ActiveCfg = Debug|Any CPU
		{176C8B17-E83E-4969-8211-C3895CB7D95F}.Debug|Any CPU.Build.0 = Debug|Any CPU
		{176C8B17-E83E-4969-8211-C3895CB7D95F}.Release|Any CPU.ActiveCfg = Release|Any CPU
		{176C8B17-E83E-4969-8211-C3895CB7D95F}.Release|Any CPU.Build.0 = Release|Any CPU
		{BC665CB9-B15E-42F7-9407-B94612466D9A}.Debug|Any CPU.ActiveCfg = Debug|Any CPU
		{BC665CB9-B15E-42F7-9407-B94612466D9A}.Debug|Any CPU.Build.0 = Debug|Any CPU
		{BC665CB9-B15E-42F7-9407-B94612466D9A}.Release|Any CPU.ActiveCfg = Release|Any CPU
		{BC665CB9-B15E-42F7-9407-B94612466D9A}.Release|Any CPU.Build.0 = Release|Any CPU
		{E653B661-32C3-4F84-970C-2635F9879FB9}.Debug|Any CPU.ActiveCfg = Debug|Any CPU
		{E653B661-32C3-4F84-970C-2635F9879FB9}.Debug|Any CPU.Build.0 = Debug|Any CPU
		{E653B661-32C3-4F84-970C-2635F9879FB9}.Release|Any CPU.ActiveCfg = Release|Any CPU
		{E653B661-32C3-4F84-970C-2635F9879FB9}.Release|Any CPU.Build.0 = Release|Any CPU
		{4EB49A5C-A827-4493-AA8A-678D311D3F26}.Debug|Any CPU.ActiveCfg = Debug|Any CPU
		{4EB49A5C-A827-4493-AA8A-678D311D3F26}.Debug|Any CPU.Build.0 = Debug|Any CPU
		{4EB49A5C-A827-4493-AA8A-678D311D3F26}.Release|Any CPU.ActiveCfg = Release|Any CPU
		{4EB49A5C-A827-4493-AA8A-678D311D3F26}.Release|Any CPU.Build.0 = Release|Any CPU
		{188A7254-414F-4BBC-825C-24F3EC4039FD}.Debug|Any CPU.ActiveCfg = Debug|Any CPU
		{188A7254-414F-4BBC-825C-24F3EC4039FD}.Debug|Any CPU.Build.0 = Debug|Any CPU
		{188A7254-414F-4BBC-825C-24F3EC4039FD}.Release|Any CPU.ActiveCfg = Release|Any CPU
		{188A7254-414F-4BBC-825C-24F3EC4039FD}.Release|Any CPU.Build.0 = Release|Any CPU
		{7DFFF631-7E66-45E9-932A-3FB98EF529C7}.Debug|Any CPU.ActiveCfg = Debug|Any CPU
		{7DFFF631-7E66-45E9-932A-3FB98EF529C7}.Debug|Any CPU.Build.0 = Debug|Any CPU
		{7DFFF631-7E66-45E9-932A-3FB98EF529C7}.Release|Any CPU.ActiveCfg = Release|Any CPU
		{7DFFF631-7E66-45E9-932A-3FB98EF529C7}.Release|Any CPU.Build.0 = Release|Any CPU
		{9C7E96DD-7AD9-490C-9531-4448D466614B}.Debug|Any CPU.ActiveCfg = Debug|Any CPU
		{9C7E96DD-7AD9-490C-9531-4448D466614B}.Debug|Any CPU.Build.0 = Debug|Any CPU
		{9C7E96DD-7AD9-490C-9531-4448D466614B}.Release|Any CPU.ActiveCfg = Release|Any CPU
		{9C7E96DD-7AD9-490C-9531-4448D466614B}.Release|Any CPU.Build.0 = Release|Any CPU
		{AE828D5E-19D6-44D3-B032-DAAE7F5F196E}.Debug|Any CPU.ActiveCfg = Debug|Any CPU
		{AE828D5E-19D6-44D3-B032-DAAE7F5F196E}.Debug|Any CPU.Build.0 = Debug|Any CPU
		{AE828D5E-19D6-44D3-B032-DAAE7F5F196E}.Release|Any CPU.ActiveCfg = Release|Any CPU
		{AE828D5E-19D6-44D3-B032-DAAE7F5F196E}.Release|Any CPU.Build.0 = Release|Any CPU
		{44DD2FB9-96CD-42DA-AEC5-2B034A247C35}.Debug|Any CPU.ActiveCfg = Debug|Any CPU
		{44DD2FB9-96CD-42DA-AEC5-2B034A247C35}.Debug|Any CPU.Build.0 = Debug|Any CPU
		{44DD2FB9-96CD-42DA-AEC5-2B034A247C35}.Release|Any CPU.ActiveCfg = Release|Any CPU
		{44DD2FB9-96CD-42DA-AEC5-2B034A247C35}.Release|Any CPU.Build.0 = Release|Any CPU
		{22C8C93A-C55C-4CA2-9414-D534A7490560}.Debug|Any CPU.ActiveCfg = Debug|Any CPU
		{22C8C93A-C55C-4CA2-9414-D534A7490560}.Debug|Any CPU.Build.0 = Debug|Any CPU
		{22C8C93A-C55C-4CA2-9414-D534A7490560}.Release|Any CPU.ActiveCfg = Release|Any CPU
		{22C8C93A-C55C-4CA2-9414-D534A7490560}.Release|Any CPU.Build.0 = Release|Any CPU
		{326B3E99-7F84-471F-BA6F-AE2565441C5C}.Debug|Any CPU.ActiveCfg = Debug|Any CPU
		{326B3E99-7F84-471F-BA6F-AE2565441C5C}.Debug|Any CPU.Build.0 = Debug|Any CPU
		{326B3E99-7F84-471F-BA6F-AE2565441C5C}.Release|Any CPU.ActiveCfg = Release|Any CPU
		{326B3E99-7F84-471F-BA6F-AE2565441C5C}.Release|Any CPU.Build.0 = Release|Any CPU
		{72FA7D7C-379A-4879-AD39-373586E0110C}.Debug|Any CPU.ActiveCfg = Debug|Any CPU
		{72FA7D7C-379A-4879-AD39-373586E0110C}.Debug|Any CPU.Build.0 = Debug|Any CPU
		{72FA7D7C-379A-4879-AD39-373586E0110C}.Release|Any CPU.ActiveCfg = Release|Any CPU
		{72FA7D7C-379A-4879-AD39-373586E0110C}.Release|Any CPU.Build.0 = Release|Any CPU
		{8BF29E36-14ED-4B47-AC4D-C1A65DD4E5CF}.Debug|Any CPU.ActiveCfg = Debug|Any CPU
		{8BF29E36-14ED-4B47-AC4D-C1A65DD4E5CF}.Debug|Any CPU.Build.0 = Debug|Any CPU
		{8BF29E36-14ED-4B47-AC4D-C1A65DD4E5CF}.Release|Any CPU.ActiveCfg = Release|Any CPU
		{8BF29E36-14ED-4B47-AC4D-C1A65DD4E5CF}.Release|Any CPU.Build.0 = Release|Any CPU
		{24754346-C801-476A-B70C-0E3D28DE5EE1}.Debug|Any CPU.ActiveCfg = Debug|Any CPU
		{24754346-C801-476A-B70C-0E3D28DE5EE1}.Debug|Any CPU.Build.0 = Debug|Any CPU
		{24754346-C801-476A-B70C-0E3D28DE5EE1}.Release|Any CPU.ActiveCfg = Release|Any CPU
		{24754346-C801-476A-B70C-0E3D28DE5EE1}.Release|Any CPU.Build.0 = Release|Any CPU
		{689C96E9-40B1-40EE-91ED-10772DB30C01}.Debug|Any CPU.ActiveCfg = Debug|Any CPU
		{689C96E9-40B1-40EE-91ED-10772DB30C01}.Debug|Any CPU.Build.0 = Debug|Any CPU
		{689C96E9-40B1-40EE-91ED-10772DB30C01}.Release|Any CPU.ActiveCfg = Release|Any CPU
		{689C96E9-40B1-40EE-91ED-10772DB30C01}.Release|Any CPU.Build.0 = Release|Any CPU
		{7DA23724-5BA4-450F-B3C3-F78A7C61CA3B}.Debug|Any CPU.ActiveCfg = Debug|Any CPU
		{7DA23724-5BA4-450F-B3C3-F78A7C61CA3B}.Debug|Any CPU.Build.0 = Debug|Any CPU
		{7DA23724-5BA4-450F-B3C3-F78A7C61CA3B}.Release|Any CPU.ActiveCfg = Release|Any CPU
		{7DA23724-5BA4-450F-B3C3-F78A7C61CA3B}.Release|Any CPU.Build.0 = Release|Any CPU
		{5DC126F8-B4D0-4398-AFE6-08B8B74B0BB5}.Debug|Any CPU.ActiveCfg = Debug|Any CPU
		{5DC126F8-B4D0-4398-AFE6-08B8B74B0BB5}.Debug|Any CPU.Build.0 = Debug|Any CPU
		{5DC126F8-B4D0-4398-AFE6-08B8B74B0BB5}.Release|Any CPU.ActiveCfg = Release|Any CPU
		{5DC126F8-B4D0-4398-AFE6-08B8B74B0BB5}.Release|Any CPU.Build.0 = Release|Any CPU
		{37090983-4A85-48F9-9CD3-09F78CD01A67}.Debug|Any CPU.ActiveCfg = Debug|Any CPU
		{37090983-4A85-48F9-9CD3-09F78CD01A67}.Debug|Any CPU.Build.0 = Debug|Any CPU
		{37090983-4A85-48F9-9CD3-09F78CD01A67}.Release|Any CPU.ActiveCfg = Release|Any CPU
		{37090983-4A85-48F9-9CD3-09F78CD01A67}.Release|Any CPU.Build.0 = Release|Any CPU
		{DA48EF24-5457-4893-AC5F-39C7CB8F3E9A}.Debug|Any CPU.ActiveCfg = Debug|Any CPU
		{DA48EF24-5457-4893-AC5F-39C7CB8F3E9A}.Debug|Any CPU.Build.0 = Debug|Any CPU
		{DA48EF24-5457-4893-AC5F-39C7CB8F3E9A}.Release|Any CPU.ActiveCfg = Release|Any CPU
		{DA48EF24-5457-4893-AC5F-39C7CB8F3E9A}.Release|Any CPU.Build.0 = Release|Any CPU
		{B50E7951-955F-46AB-8C45-461BA2EC66FE}.Debug|Any CPU.ActiveCfg = Debug|Any CPU
		{B50E7951-955F-46AB-8C45-461BA2EC66FE}.Debug|Any CPU.Build.0 = Debug|Any CPU
		{B50E7951-955F-46AB-8C45-461BA2EC66FE}.Release|Any CPU.ActiveCfg = Release|Any CPU
		{B50E7951-955F-46AB-8C45-461BA2EC66FE}.Release|Any CPU.Build.0 = Release|Any CPU
		{4CD094A3-1073-4DBD-AEB1-1B2E48F5E644}.Debug|Any CPU.ActiveCfg = Debug|Any CPU
		{4CD094A3-1073-4DBD-AEB1-1B2E48F5E644}.Debug|Any CPU.Build.0 = Debug|Any CPU
		{4CD094A3-1073-4DBD-AEB1-1B2E48F5E644}.Release|Any CPU.ActiveCfg = Release|Any CPU
		{4CD094A3-1073-4DBD-AEB1-1B2E48F5E644}.Release|Any CPU.Build.0 = Release|Any CPU
		{39DD638B-125B-4912-9B6B-0E08787DB052}.Debug|Any CPU.ActiveCfg = Debug|Any CPU
		{39DD638B-125B-4912-9B6B-0E08787DB052}.Debug|Any CPU.Build.0 = Debug|Any CPU
		{39DD638B-125B-4912-9B6B-0E08787DB052}.Release|Any CPU.ActiveCfg = Release|Any CPU
		{39DD638B-125B-4912-9B6B-0E08787DB052}.Release|Any CPU.Build.0 = Release|Any CPU
		{3FCE6C17-59DE-4734-8D5A-C7ADA96AB89D}.Debug|Any CPU.ActiveCfg = Debug|Any CPU
		{3FCE6C17-59DE-4734-8D5A-C7ADA96AB89D}.Debug|Any CPU.Build.0 = Debug|Any CPU
		{3FCE6C17-59DE-4734-8D5A-C7ADA96AB89D}.Release|Any CPU.ActiveCfg = Release|Any CPU
		{3FCE6C17-59DE-4734-8D5A-C7ADA96AB89D}.Release|Any CPU.Build.0 = Release|Any CPU
		{DED79EA5-9F97-43C9-A5C3-DC8A7AC3814E}.Debug|Any CPU.ActiveCfg = Debug|Any CPU
		{DED79EA5-9F97-43C9-A5C3-DC8A7AC3814E}.Debug|Any CPU.Build.0 = Debug|Any CPU
		{DED79EA5-9F97-43C9-A5C3-DC8A7AC3814E}.Release|Any CPU.ActiveCfg = Release|Any CPU
		{DED79EA5-9F97-43C9-A5C3-DC8A7AC3814E}.Release|Any CPU.Build.0 = Release|Any CPU
		{5E509933-99D7-49F2-B343-0788D8DC18C8}.Debug|Any CPU.ActiveCfg = Debug|Any CPU
		{5E509933-99D7-49F2-B343-0788D8DC18C8}.Debug|Any CPU.Build.0 = Debug|Any CPU
		{5E509933-99D7-49F2-B343-0788D8DC18C8}.Release|Any CPU.ActiveCfg = Release|Any CPU
		{5E509933-99D7-49F2-B343-0788D8DC18C8}.Release|Any CPU.Build.0 = Release|Any CPU
		{46C43640-6E60-4BB2-9FF2-CDBD354320B8}.Debug|Any CPU.ActiveCfg = Debug|Any CPU
		{46C43640-6E60-4BB2-9FF2-CDBD354320B8}.Debug|Any CPU.Build.0 = Debug|Any CPU
		{46C43640-6E60-4BB2-9FF2-CDBD354320B8}.Release|Any CPU.ActiveCfg = Release|Any CPU
		{46C43640-6E60-4BB2-9FF2-CDBD354320B8}.Release|Any CPU.Build.0 = Release|Any CPU
		{CDCB17C2-8199-49A0-A8EE-727DF535D434}.Debug|Any CPU.ActiveCfg = Debug|Any CPU
		{CDCB17C2-8199-49A0-A8EE-727DF535D434}.Debug|Any CPU.Build.0 = Debug|Any CPU
		{CDCB17C2-8199-49A0-A8EE-727DF535D434}.Release|Any CPU.ActiveCfg = Release|Any CPU
		{CDCB17C2-8199-49A0-A8EE-727DF535D434}.Release|Any CPU.Build.0 = Release|Any CPU
		{B0767A5B-DF53-4CD4-8E1E-345070739091}.Debug|Any CPU.ActiveCfg = Debug|Any CPU
		{B0767A5B-DF53-4CD4-8E1E-345070739091}.Debug|Any CPU.Build.0 = Debug|Any CPU
		{B0767A5B-DF53-4CD4-8E1E-345070739091}.Release|Any CPU.ActiveCfg = Release|Any CPU
		{B0767A5B-DF53-4CD4-8E1E-345070739091}.Release|Any CPU.Build.0 = Release|Any CPU
		{D31B9617-51D1-46F9-B2EB-32313E832077}.Debug|Any CPU.ActiveCfg = Debug|Any CPU
		{D31B9617-51D1-46F9-B2EB-32313E832077}.Debug|Any CPU.Build.0 = Debug|Any CPU
		{D31B9617-51D1-46F9-B2EB-32313E832077}.Release|Any CPU.ActiveCfg = Release|Any CPU
		{D31B9617-51D1-46F9-B2EB-32313E832077}.Release|Any CPU.Build.0 = Release|Any CPU
		{5C5FC42D-A5BD-43F4-A180-A78120C65A10}.Debug|Any CPU.ActiveCfg = Debug|Any CPU
		{5C5FC42D-A5BD-43F4-A180-A78120C65A10}.Debug|Any CPU.Build.0 = Debug|Any CPU
		{5C5FC42D-A5BD-43F4-A180-A78120C65A10}.Release|Any CPU.ActiveCfg = Release|Any CPU
		{5C5FC42D-A5BD-43F4-A180-A78120C65A10}.Release|Any CPU.Build.0 = Release|Any CPU
		{E0FCA336-D71F-4621-8F4E-354EE494DF04}.Debug|Any CPU.ActiveCfg = Debug|Any CPU
		{E0FCA336-D71F-4621-8F4E-354EE494DF04}.Debug|Any CPU.Build.0 = Debug|Any CPU
		{E0FCA336-D71F-4621-8F4E-354EE494DF04}.Release|Any CPU.ActiveCfg = Release|Any CPU
		{E0FCA336-D71F-4621-8F4E-354EE494DF04}.Release|Any CPU.Build.0 = Release|Any CPU
		{ED4520A2-E67D-4DB3-926F-20C880FE19AE}.Debug|Any CPU.ActiveCfg = Debug|Any CPU
		{ED4520A2-E67D-4DB3-926F-20C880FE19AE}.Debug|Any CPU.Build.0 = Debug|Any CPU
		{ED4520A2-E67D-4DB3-926F-20C880FE19AE}.Release|Any CPU.ActiveCfg = Release|Any CPU
		{ED4520A2-E67D-4DB3-926F-20C880FE19AE}.Release|Any CPU.Build.0 = Release|Any CPU
		{522B3920-73CE-4809-82B9-F462B812CF34}.Debug|Any CPU.ActiveCfg = Debug|Any CPU
		{522B3920-73CE-4809-82B9-F462B812CF34}.Debug|Any CPU.Build.0 = Debug|Any CPU
		{522B3920-73CE-4809-82B9-F462B812CF34}.Release|Any CPU.ActiveCfg = Release|Any CPU
		{522B3920-73CE-4809-82B9-F462B812CF34}.Release|Any CPU.Build.0 = Release|Any CPU
		{5BE50022-C94C-4139-A375-FDC2CBD1EC31}.Debug|Any CPU.ActiveCfg = Debug|Any CPU
		{5BE50022-C94C-4139-A375-FDC2CBD1EC31}.Debug|Any CPU.Build.0 = Debug|Any CPU
		{5BE50022-C94C-4139-A375-FDC2CBD1EC31}.Release|Any CPU.ActiveCfg = Release|Any CPU
		{5BE50022-C94C-4139-A375-FDC2CBD1EC31}.Release|Any CPU.Build.0 = Release|Any CPU
		{96B39394-512C-44A8-9919-E9422FB01DD5}.Debug|Any CPU.ActiveCfg = Debug|Any CPU
		{96B39394-512C-44A8-9919-E9422FB01DD5}.Debug|Any CPU.Build.0 = Debug|Any CPU
		{96B39394-512C-44A8-9919-E9422FB01DD5}.Release|Any CPU.ActiveCfg = Release|Any CPU
		{96B39394-512C-44A8-9919-E9422FB01DD5}.Release|Any CPU.Build.0 = Release|Any CPU
		{7F864ACC-9BFF-4BBD-8BE7-AC11221E50DD}.Debug|Any CPU.ActiveCfg = Debug|Any CPU
		{7F864ACC-9BFF-4BBD-8BE7-AC11221E50DD}.Debug|Any CPU.Build.0 = Debug|Any CPU
		{7F864ACC-9BFF-4BBD-8BE7-AC11221E50DD}.Release|Any CPU.ActiveCfg = Release|Any CPU
		{7F864ACC-9BFF-4BBD-8BE7-AC11221E50DD}.Release|Any CPU.Build.0 = Release|Any CPU
		{E4BEFFFC-EF2A-4DC3-925F-B765BF85676F}.Debug|Any CPU.ActiveCfg = Debug|Any CPU
		{E4BEFFFC-EF2A-4DC3-925F-B765BF85676F}.Debug|Any CPU.Build.0 = Debug|Any CPU
		{E4BEFFFC-EF2A-4DC3-925F-B765BF85676F}.Release|Any CPU.ActiveCfg = Release|Any CPU
		{E4BEFFFC-EF2A-4DC3-925F-B765BF85676F}.Release|Any CPU.Build.0 = Release|Any CPU
		{125C82E8-3ADF-4601-8A1C-B3256BBC8F83}.Debug|Any CPU.ActiveCfg = Debug|Any CPU
		{125C82E8-3ADF-4601-8A1C-B3256BBC8F83}.Debug|Any CPU.Build.0 = Debug|Any CPU
		{125C82E8-3ADF-4601-8A1C-B3256BBC8F83}.Release|Any CPU.ActiveCfg = Release|Any CPU
		{125C82E8-3ADF-4601-8A1C-B3256BBC8F83}.Release|Any CPU.Build.0 = Release|Any CPU
		{A9173D42-0E16-472D-95E0-34F386C96035}.Debug|Any CPU.ActiveCfg = Debug|Any CPU
		{A9173D42-0E16-472D-95E0-34F386C96035}.Debug|Any CPU.Build.0 = Debug|Any CPU
		{A9173D42-0E16-472D-95E0-34F386C96035}.Release|Any CPU.ActiveCfg = Release|Any CPU
		{A9173D42-0E16-472D-95E0-34F386C96035}.Release|Any CPU.Build.0 = Release|Any CPU
		{4A458667-15A5-4BFD-A643-E5424807F601}.Debug|Any CPU.ActiveCfg = Debug|Any CPU
		{4A458667-15A5-4BFD-A643-E5424807F601}.Debug|Any CPU.Build.0 = Debug|Any CPU
		{4A458667-15A5-4BFD-A643-E5424807F601}.Release|Any CPU.ActiveCfg = Release|Any CPU
		{4A458667-15A5-4BFD-A643-E5424807F601}.Release|Any CPU.Build.0 = Release|Any CPU
		{E7DBB2E4-24AB-4E3E-939B-775660AD9D7E}.Debug|Any CPU.ActiveCfg = Debug|Any CPU
		{E7DBB2E4-24AB-4E3E-939B-775660AD9D7E}.Debug|Any CPU.Build.0 = Debug|Any CPU
		{E7DBB2E4-24AB-4E3E-939B-775660AD9D7E}.Release|Any CPU.ActiveCfg = Release|Any CPU
		{E7DBB2E4-24AB-4E3E-939B-775660AD9D7E}.Release|Any CPU.Build.0 = Release|Any CPU
		{A7DCA6E5-C763-47B3-82E0-3F4BDA0C3FB2}.Debug|Any CPU.ActiveCfg = Debug|Any CPU
		{A7DCA6E5-C763-47B3-82E0-3F4BDA0C3FB2}.Debug|Any CPU.Build.0 = Debug|Any CPU
		{A7DCA6E5-C763-47B3-82E0-3F4BDA0C3FB2}.Release|Any CPU.ActiveCfg = Release|Any CPU
		{A7DCA6E5-C763-47B3-82E0-3F4BDA0C3FB2}.Release|Any CPU.Build.0 = Release|Any CPU
		{9F065055-6D6D-4695-87A7-E6FD5920DE38}.Debug|Any CPU.ActiveCfg = Debug|Any CPU
		{9F065055-6D6D-4695-87A7-E6FD5920DE38}.Debug|Any CPU.Build.0 = Debug|Any CPU
		{9F065055-6D6D-4695-87A7-E6FD5920DE38}.Release|Any CPU.ActiveCfg = Release|Any CPU
		{9F065055-6D6D-4695-87A7-E6FD5920DE38}.Release|Any CPU.Build.0 = Release|Any CPU
		{82C9077C-573A-4E9E-81ED-7E129049BECA}.Debug|Any CPU.ActiveCfg = Debug|Any CPU
		{82C9077C-573A-4E9E-81ED-7E129049BECA}.Debug|Any CPU.Build.0 = Debug|Any CPU
		{82C9077C-573A-4E9E-81ED-7E129049BECA}.Release|Any CPU.ActiveCfg = Release|Any CPU
		{82C9077C-573A-4E9E-81ED-7E129049BECA}.Release|Any CPU.Build.0 = Release|Any CPU
		{B8236EA2-91DB-4D85-A70D-19151641ED83}.Debug|Any CPU.ActiveCfg = Debug|Any CPU
		{B8236EA2-91DB-4D85-A70D-19151641ED83}.Debug|Any CPU.Build.0 = Debug|Any CPU
		{B8236EA2-91DB-4D85-A70D-19151641ED83}.Release|Any CPU.ActiveCfg = Release|Any CPU
		{B8236EA2-91DB-4D85-A70D-19151641ED83}.Release|Any CPU.Build.0 = Release|Any CPU
		{126A0D66-DC9A-4C5A-929F-BBA4D133685E}.Debug|Any CPU.ActiveCfg = Debug|Any CPU
		{126A0D66-DC9A-4C5A-929F-BBA4D133685E}.Debug|Any CPU.Build.0 = Debug|Any CPU
		{126A0D66-DC9A-4C5A-929F-BBA4D133685E}.Release|Any CPU.ActiveCfg = Release|Any CPU
		{126A0D66-DC9A-4C5A-929F-BBA4D133685E}.Release|Any CPU.Build.0 = Release|Any CPU
		{6C753D5A-10AB-4DFA-9D66-553363983F81}.Debug|Any CPU.ActiveCfg = Debug|Any CPU
		{6C753D5A-10AB-4DFA-9D66-553363983F81}.Debug|Any CPU.Build.0 = Debug|Any CPU
		{6C753D5A-10AB-4DFA-9D66-553363983F81}.Release|Any CPU.ActiveCfg = Release|Any CPU
		{6C753D5A-10AB-4DFA-9D66-553363983F81}.Release|Any CPU.Build.0 = Release|Any CPU
		{67D72212-DA29-4BBE-A8FA-B84306CE33B3}.Debug|Any CPU.ActiveCfg = Debug|Any CPU
		{67D72212-DA29-4BBE-A8FA-B84306CE33B3}.Debug|Any CPU.Build.0 = Debug|Any CPU
		{67D72212-DA29-4BBE-A8FA-B84306CE33B3}.Release|Any CPU.ActiveCfg = Release|Any CPU
		{67D72212-DA29-4BBE-A8FA-B84306CE33B3}.Release|Any CPU.Build.0 = Release|Any CPU
		{6AD7956E-47AD-4013-B189-42853813D38F}.Debug|Any CPU.ActiveCfg = Debug|Any CPU
		{6AD7956E-47AD-4013-B189-42853813D38F}.Debug|Any CPU.Build.0 = Debug|Any CPU
		{6AD7956E-47AD-4013-B189-42853813D38F}.Release|Any CPU.ActiveCfg = Release|Any CPU
		{6AD7956E-47AD-4013-B189-42853813D38F}.Release|Any CPU.Build.0 = Release|Any CPU
		{65E333F0-700E-4DE9-A854-3AC99FAB3C3C}.Debug|Any CPU.ActiveCfg = Debug|Any CPU
		{65E333F0-700E-4DE9-A854-3AC99FAB3C3C}.Debug|Any CPU.Build.0 = Debug|Any CPU
		{65E333F0-700E-4DE9-A854-3AC99FAB3C3C}.Release|Any CPU.ActiveCfg = Release|Any CPU
		{65E333F0-700E-4DE9-A854-3AC99FAB3C3C}.Release|Any CPU.Build.0 = Release|Any CPU
		{BEDB8ED2-2DCE-40FD-A738-9292216EBACB}.Debug|Any CPU.ActiveCfg = Debug|Any CPU
		{BEDB8ED2-2DCE-40FD-A738-9292216EBACB}.Debug|Any CPU.Build.0 = Debug|Any CPU
		{BEDB8ED2-2DCE-40FD-A738-9292216EBACB}.Release|Any CPU.ActiveCfg = Release|Any CPU
		{BEDB8ED2-2DCE-40FD-A738-9292216EBACB}.Release|Any CPU.Build.0 = Release|Any CPU
		{E452D55B-52FF-475D-899A-35A655BB5129}.Debug|Any CPU.ActiveCfg = Debug|Any CPU
		{E452D55B-52FF-475D-899A-35A655BB5129}.Debug|Any CPU.Build.0 = Debug|Any CPU
		{E452D55B-52FF-475D-899A-35A655BB5129}.Release|Any CPU.ActiveCfg = Release|Any CPU
		{E452D55B-52FF-475D-899A-35A655BB5129}.Release|Any CPU.Build.0 = Release|Any CPU
		{AC32A8A1-3F01-4D9B-8B0D-99B484EED993}.Debug|Any CPU.ActiveCfg = Debug|Any CPU
		{AC32A8A1-3F01-4D9B-8B0D-99B484EED993}.Debug|Any CPU.Build.0 = Debug|Any CPU
		{AC32A8A1-3F01-4D9B-8B0D-99B484EED993}.Release|Any CPU.ActiveCfg = Release|Any CPU
		{AC32A8A1-3F01-4D9B-8B0D-99B484EED993}.Release|Any CPU.Build.0 = Release|Any CPU
	EndGlobalSection
	GlobalSection(SolutionProperties) = preSolution
		HideSolutionNode = FALSE
	EndGlobalSection
	GlobalSection(ExtensibilityGlobals) = postSolution
		SolutionGuid = {36904E8B-68AC-447B-9036-6C521D719620}
	EndGlobalSection
EndGlobal
