
Microsoft Visual Studio Solution File, Format Version 12.00
# Visual Studio Version 17
VisualStudioVersion = 17.1.32210.238
MinimumVisualStudioVersion = 10.0.40219.1
Project("{9A19103F-16F7-4668-BE54-9A1E7A4F7556}") = "Hello", "Hello\Hello.csproj", "{3FAB446D-5DDC-4753-81A4-8582E89522F4}"
EndProject
Project("{9A19103F-16F7-4668-BE54-9A1E7A4F7556}") = "Array", "Array\Array.csproj", "{D889FC04-01BB-4FE7-B59F-8ADE82838BAC}"
EndProject
Project("{9A19103F-16F7-4668-BE54-9A1E7A4F7556}") = "MethodExample", "MethodExample\MethodExample.csproj", "{CFB7D367-40D7-4FA4-AA2C-14CA6688F62B}"
EndProject
Project("{9A19103F-16F7-4668-BE54-9A1E7A4F7556}") = "LoopExample", "LoopExample\LoopExample.csproj", "{7496A7CB-E64E-4C62-9EAC-C9AB1763B605}"
EndProject
Project("{9A19103F-16F7-4668-BE54-9A1E7A4F7556}") = "ClassSystem", "ClassSystem\ClassSystem.csproj", "{5EC66A18-67F7-43B7-A169-E29EE48B7379}"
EndProject
Project("{9A19103F-16F7-4668-BE54-9A1E7A4F7556}") = "Operators", "Operators\Operators.csproj", "{4A8CCDD5-1637-4941-BFD6-58898481670B}"
EndProject
Project("{9A19103F-16F7-4668-BE54-9A1E7A4F7556}") = "IfElseUsingInputFromUser", "IfElseUsingInputFromUser\IfElseUsingInputFromUser.csproj", "{247E4770-0193-4D61-9530-5A5C03DF009B}"
EndProject
Project("{9A19103F-16F7-4668-BE54-9A1E7A4F7556}") = "SwichCase", "SwichCase\SwichCase.csproj", "{2538B009-236B-4FE4-9E4F-B641BF4A18CA}"
EndProject
Project("{9A19103F-16F7-4668-BE54-9A1E7A4F7556}") = "TakingInput", "TakingInput\TakingInput.csproj", "{85DEF741-27F3-49E3-8729-D9F98AB9496A}"
EndProject
Project("{9A19103F-16F7-4668-BE54-9A1E7A4F7556}") = "StringFormating", "StringFormating\StringFormating.csproj", "{269D414C-7569-4D52-ADE3-7BE866120683}"
EndProject
Project("{9A19103F-16F7-4668-BE54-9A1E7A4F7556}") = "CustomNumericFormat", "CustomNumericFormat\CustomNumericFormat.csproj", "{176C8B17-E83E-4969-8211-C3895CB7D95F}"
EndProject
Project("{FAE04EC0-301F-11D3-BF4B-00C04F79EFBC}") = "AssaignmentP1", "AssaignmentP1\AssaignmentP1.csproj", "{BC665CB9-B15E-42F7-9407-B94612466D9A}"
EndProject
Global
	GlobalSection(SolutionConfigurationPlatforms) = preSolution
		Debug|Any CPU = Debug|Any CPU
		Release|Any CPU = Release|Any CPU
	EndGlobalSection
	GlobalSection(ProjectConfigurationPlatforms) = postSolution
		{3FAB446D-5DDC-4753-81A4-8582E89522F4}.Debug|Any CPU.ActiveCfg = Debug|Any CPU
		{3FAB446D-5DDC-4753-81A4-8582E89522F4}.Debug|Any CPU.Build.0 = Debug|Any CPU
		{3FAB446D-5DDC-4753-81A4-8582E89522F4}.Release|Any CPU.ActiveCfg = Release|Any CPU
		{3FAB446D-5DDC-4753-81A4-8582E89522F4}.Release|Any CPU.Build.0 = Release|Any CPU
		{D889FC04-01BB-4FE7-B59F-8ADE82838BAC}.Debug|Any CPU.ActiveCfg = Debug|Any CPU
		{D889FC04-01BB-4FE7-B59F-8ADE82838BAC}.Debug|Any CPU.Build.0 = Debug|Any CPU
		{D889FC04-01BB-4FE7-B59F-8ADE82838BAC}.Release|Any CPU.ActiveCfg = Release|Any CPU
		{D889FC04-01BB-4FE7-B59F-8ADE82838BAC}.Release|Any CPU.Build.0 = Release|Any CPU
		{CFB7D367-40D7-4FA4-AA2C-14CA6688F62B}.Debug|Any CPU.ActiveCfg = Debug|Any CPU
		{CFB7D367-40D7-4FA4-AA2C-14CA6688F62B}.Debug|Any CPU.Build.0 = Debug|Any CPU
		{CFB7D367-40D7-4FA4-AA2C-14CA6688F62B}.Release|Any CPU.ActiveCfg = Release|Any CPU
		{CFB7D367-40D7-4FA4-AA2C-14CA6688F62B}.Release|Any CPU.Build.0 = Release|Any CPU
		{7496A7CB-E64E-4C62-9EAC-C9AB1763B605}.Debug|Any CPU.ActiveCfg = Debug|Any CPU
		{7496A7CB-E64E-4C62-9EAC-C9AB1763B605}.Debug|Any CPU.Build.0 = Debug|Any CPU
		{7496A7CB-E64E-4C62-9EAC-C9AB1763B605}.Release|Any CPU.ActiveCfg = Release|Any CPU
		{7496A7CB-E64E-4C62-9EAC-C9AB1763B605}.Release|Any CPU.Build.0 = Release|Any CPU
		{5EC66A18-67F7-43B7-A169-E29EE48B7379}.Debug|Any CPU.ActiveCfg = Debug|Any CPU
		{5EC66A18-67F7-43B7-A169-E29EE48B7379}.Debug|Any CPU.Build.0 = Debug|Any CPU
		{5EC66A18-67F7-43B7-A169-E29EE48B7379}.Release|Any CPU.ActiveCfg = Release|Any CPU
		{5EC66A18-67F7-43B7-A169-E29EE48B7379}.Release|Any CPU.Build.0 = Release|Any CPU
		{4A8CCDD5-1637-4941-BFD6-58898481670B}.Debug|Any CPU.ActiveCfg = Debug|Any CPU
		{4A8CCDD5-1637-4941-BFD6-58898481670B}.Debug|Any CPU.Build.0 = Debug|Any CPU
		{4A8CCDD5-1637-4941-BFD6-58898481670B}.Release|Any CPU.ActiveCfg = Release|Any CPU
		{4A8CCDD5-1637-4941-BFD6-58898481670B}.Release|Any CPU.Build.0 = Release|Any CPU
		{247E4770-0193-4D61-9530-5A5C03DF009B}.Debug|Any CPU.ActiveCfg = Debug|Any CPU
		{247E4770-0193-4D61-9530-5A5C03DF009B}.Debug|Any CPU.Build.0 = Debug|Any CPU
		{247E4770-0193-4D61-9530-5A5C03DF009B}.Release|Any CPU.ActiveCfg = Release|Any CPU
		{247E4770-0193-4D61-9530-5A5C03DF009B}.Release|Any CPU.Build.0 = Release|Any CPU
		{2538B009-236B-4FE4-9E4F-B641BF4A18CA}.Debug|Any CPU.ActiveCfg = Debug|Any CPU
		{2538B009-236B-4FE4-9E4F-B641BF4A18CA}.Debug|Any CPU.Build.0 = Debug|Any CPU
		{2538B009-236B-4FE4-9E4F-B641BF4A18CA}.Release|Any CPU.ActiveCfg = Release|Any CPU
		{2538B009-236B-4FE4-9E4F-B641BF4A18CA}.Release|Any CPU.Build.0 = Release|Any CPU
		{85DEF741-27F3-49E3-8729-D9F98AB9496A}.Debug|Any CPU.ActiveCfg = Debug|Any CPU
		{85DEF741-27F3-49E3-8729-D9F98AB9496A}.Debug|Any CPU.Build.0 = Debug|Any CPU
		{85DEF741-27F3-49E3-8729-D9F98AB9496A}.Release|Any CPU.ActiveCfg = Release|Any CPU
		{85DEF741-27F3-49E3-8729-D9F98AB9496A}.Release|Any CPU.Build.0 = Release|Any CPU
		{269D414C-7569-4D52-ADE3-7BE866120683}.Debug|Any CPU.ActiveCfg = Debug|Any CPU
		{269D414C-7569-4D52-ADE3-7BE866120683}.Debug|Any CPU.Build.0 = Debug|Any CPU
		{269D414C-7569-4D52-ADE3-7BE866120683}.Release|Any CPU.ActiveCfg = Release|Any CPU
		{269D414C-7569-4D52-ADE3-7BE866120683}.Release|Any CPU.Build.0 = Release|Any CPU
		{176C8B17-E83E-4969-8211-C3895CB7D95F}.Debug|Any CPU.ActiveCfg = Debug|Any CPU
		{176C8B17-E83E-4969-8211-C3895CB7D95F}.Debug|Any CPU.Build.0 = Debug|Any CPU
		{176C8B17-E83E-4969-8211-C3895CB7D95F}.Release|Any CPU.ActiveCfg = Release|Any CPU
		{176C8B17-E83E-4969-8211-C3895CB7D95F}.Release|Any CPU.Build.0 = Release|Any CPU
		{BC665CB9-B15E-42F7-9407-B94612466D9A}.Debug|Any CPU.ActiveCfg = Debug|Any CPU
		{BC665CB9-B15E-42F7-9407-B94612466D9A}.Debug|Any CPU.Build.0 = Debug|Any CPU
		{BC665CB9-B15E-42F7-9407-B94612466D9A}.Release|Any CPU.ActiveCfg = Release|Any CPU
		{BC665CB9-B15E-42F7-9407-B94612466D9A}.Release|Any CPU.Build.0 = Release|Any CPU
	EndGlobalSection
	GlobalSection(SolutionProperties) = preSolution
		HideSolutionNode = FALSE
	EndGlobalSection
	GlobalSection(ExtensibilityGlobals) = postSolution
		SolutionGuid = {36904E8B-68AC-447B-9036-6C521D719620}
	EndGlobalSection
EndGlobal
