
Microsoft Visual Studio Solution File, Format Version 12.00
# Visual Studio Version 17
VisualStudioVersion = 17.1.32210.238
MinimumVisualStudioVersion = 10.0.40219.1
Project("{9A19103F-16F7-4668-BE54-9A1E7A4F7556}") = "Problem1", "Problem1\Problem1.csproj", "{6D7073EA-6984-4203-A2E9-97872AF80A03}"
EndProject
Project("{FAE04EC0-301F-11D3-BF4B-00C04F79EFBC}") = "Problem3", "Problem2\Problem3.csproj", "{0C42D914-99E2-449E-8547-397914369D9D}"
EndProject
Project("{FAE04EC0-301F-11D3-BF4B-00C04F79EFBC}") = "Problem5", "Problem5\Problem5.csproj", "{9482C41B-C619-45A9-8C20-A2919DE2B800}"
EndProject
Project("{FAE04EC0-301F-11D3-BF4B-00C04F79EFBC}") = "Problem 2", "Problem 2\Problem 2.csproj", "{1A434B6E-D44A-4FE2-A9DB-CCA82034B665}"
EndProject
Global
	GlobalSection(SolutionConfigurationPlatforms) = preSolution
		Debug|Any CPU = Debug|Any CPU
		Release|Any CPU = Release|Any CPU
	EndGlobalSection
	GlobalSection(ProjectConfigurationPlatforms) = postSolution
		{6D7073EA-6984-4203-A2E9-97872AF80A03}.Debug|Any CPU.ActiveCfg = Debug|Any CPU
		{6D7073EA-6984-4203-A2E9-97872AF80A03}.Debug|Any CPU.Build.0 = Debug|Any CPU
		{6D7073EA-6984-4203-A2E9-97872AF80A03}.Release|Any CPU.ActiveCfg = Release|Any CPU
		{6D7073EA-6984-4203-A2E9-97872AF80A03}.Release|Any CPU.Build.0 = Release|Any CPU
		{0C42D914-99E2-449E-8547-397914369D9D}.Debug|Any CPU.ActiveCfg = Debug|Any CPU
		{0C42D914-99E2-449E-8547-397914369D9D}.Debug|Any CPU.Build.0 = Debug|Any CPU
		{0C42D914-99E2-449E-8547-397914369D9D}.Release|Any CPU.ActiveCfg = Release|Any CPU
		{0C42D914-99E2-449E-8547-397914369D9D}.Release|Any CPU.Build.0 = Release|Any CPU
		{9482C41B-C619-45A9-8C20-A2919DE2B800}.Debug|Any CPU.ActiveCfg = Debug|Any CPU
		{9482C41B-C619-45A9-8C20-A2919DE2B800}.Debug|Any CPU.Build.0 = Debug|Any CPU
		{9482C41B-C619-45A9-8C20-A2919DE2B800}.Release|Any CPU.ActiveCfg = Release|Any CPU
		{9482C41B-C619-45A9-8C20-A2919DE2B800}.Release|Any CPU.Build.0 = Release|Any CPU
		{1A434B6E-D44A-4FE2-A9DB-CCA82034B665}.Debug|Any CPU.ActiveCfg = Debug|Any CPU
		{1A434B6E-D44A-4FE2-A9DB-CCA82034B665}.Debug|Any CPU.Build.0 = Debug|Any CPU
		{1A434B6E-D44A-4FE2-A9DB-CCA82034B665}.Release|Any CPU.ActiveCfg = Release|Any CPU
		{1A434B6E-D44A-4FE2-A9DB-CCA82034B665}.Release|Any CPU.Build.0 = Release|Any CPU
	EndGlobalSection
	GlobalSection(SolutionProperties) = preSolution
		HideSolutionNode = FALSE
	EndGlobalSection
	GlobalSection(ExtensibilityGlobals) = postSolution
		SolutionGuid = {88B5EC97-E73F-49E5-8798-033D24D6617D}
	EndGlobalSection
EndGlobal
