
Microsoft Visual Studio Solution File, Format Version 12.00
# Visual Studio Version 17
VisualStudioVersion = 17.1.32210.238
MinimumVisualStudioVersion = 10.0.40219.1
Project("{FAE04EC0-301F-11D3-BF4B-00C04F79EFBC}") = "CreateDB", "CreateDB\CreateDB.csproj", "{FB54BAA1-CDE1-46C2-9E9B-E9B18F8D4951}"
EndProject
Global
	GlobalSection(SolutionConfigurationPlatforms) = preSolution
		Debug|Any CPU = Debug|Any CPU
		Release|Any CPU = Release|Any CPU
	EndGlobalSection
	GlobalSection(ProjectConfigurationPlatforms) = postSolution
		{FB54BAA1-CDE1-46C2-9E9B-E9B18F8D4951}.Debug|Any CPU.ActiveCfg = Debug|Any CPU
		{FB54BAA1-CDE1-46C2-9E9B-E9B18F8D4951}.Debug|Any CPU.Build.0 = Debug|Any CPU
		{FB54BAA1-CDE1-46C2-9E9B-E9B18F8D4951}.Release|Any CPU.ActiveCfg = Release|Any CPU
		{FB54BAA1-CDE1-46C2-9E9B-E9B18F8D4951}.Release|Any CPU.Build.0 = Release|Any CPU
	EndGlobalSection
	GlobalSection(SolutionProperties) = preSolution
		HideSolutionNode = FALSE
	EndGlobalSection
	GlobalSection(ExtensibilityGlobals) = postSolution
		SolutionGuid = {3B2737FE-4C73-45A7-B4F2-5EA6DB548C8E}
	EndGlobalSection
EndGlobal
